
Microsoft Visual Studio Solution File, Format Version 12.00
# Visual Studio Version 17
VisualStudioVersion = 17.13.35931.197 d17.13
MinimumVisualStudioVersion = 10.0.40219.1
Project("{FAE04EC0-301F-11D3-BF4B-00C04F79EFBC}") = "WorkoutAPI", "WorkoutAPI\WorkoutAPI.csproj", "{15A52A9D-C8C4-4770-AAC4-EC1A498D1593}"
EndProject
Global
	GlobalSection(SolutionConfigurationPlatforms) = preSolution
		Debug|Any CPU = Debug|Any CPU
		Release|Any CPU = Release|Any CPU
	EndGlobalSection
	GlobalSection(ProjectConfigurationPlatforms) = postSolution
		{15A52A9D-C8C4-4770-AAC4-EC1A498D1593}.Debug|Any CPU.ActiveCfg = Debug|Any CPU
		{15A52A9D-C8C4-4770-AAC4-EC1A498D1593}.Debug|Any CPU.Build.0 = Debug|Any CPU
		{15A52A9D-C8C4-4770-AAC4-EC1A498D1593}.Release|Any CPU.ActiveCfg = Release|Any CPU
		{15A52A9D-C8C4-4770-AAC4-EC1A498D1593}.Release|Any CPU.Build.0 = Release|Any CPU
	EndGlobalSection
	GlobalSection(SolutionProperties) = preSolution
		HideSolutionNode = FALSE
	EndGlobalSection
	GlobalSection(ExtensibilityGlobals) = postSolution
		SolutionGuid = {DC0DE11B-6731-4E3A-99CD-F9DBA1D4B957}
	EndGlobalSection
EndGlobal
